dependencies:
  espressif/mdns:
    component_hash: 46ee81d32fbf850462d8af1e83303389602f6a6a9eddd2a55104cb4c063858ed
    dependencies:
    - name: idf
      require: private
      version: '>=5.0'
    source:
      registry_url: https://components.espressif.com/
      type: service
    version: 1.1.0
  idf:
    source:
      type: idf
    version: 5.3.2
direct_dependencies:
- espressif/mdns
- idf
manifest_hash: c808f996b643b2ecdbc53cac4ca03e43a4d4b913bb693b96d446034761f40e51
target: esp32c3
version: 2.0.0
